
Microsoft Visual Studio Solution File, Format Version 12.00
# Visual Studio Version 16
VisualStudioVersion = 16.0.809.10
MinimumVisualStudioVersion = 10.0.40219.1
Project("{FAE04EC0-301F-11D3-BF4B-00C04F79EFBC}") = "SalesManagerAPI", "SalesManagerAPI\SalesManagerAPI.csproj", "{0B22B876-F6A1-4D1C-94D0-C59FFB74EA80}"
EndProject
Project("{FAE04EC0-301F-11D3-BF4B-00C04F79EFBC}") = "Contracts", "Contracts\Contracts.csproj", "{077C28B9-D166-4D0B-9123-82FFE22493D8}"
EndProject
Project("{FAE04EC0-301F-11D3-BF4B-00C04F79EFBC}") = "LoggerService", "LoggerService\LoggerService.csproj", "{FA358BA6-5B6C-4AC0-B664-AAF10354EC73}"
EndProject
Project("{FAE04EC0-301F-11D3-BF4B-00C04F79EFBC}") = "Entities", "Entities\Entities.csproj", "{B7805EF1-B80F-4BD5-979E-B5F088481517}"
EndProject
Project("{FAE04EC0-301F-11D3-BF4B-00C04F79EFBC}") = "Repository", "Repository\Repository.csproj", "{4F0EABB4-543E-4D62-B144-4AF5CD33D4EE}"
EndProject
Global
	GlobalSection(SolutionConfigurationPlatforms) = preSolution
		Debug|Any CPU = Debug|Any CPU
		Release|Any CPU = Release|Any CPU
	EndGlobalSection
	GlobalSection(ProjectConfigurationPlatforms) = postSolution
		{0B22B876-F6A1-4D1C-94D0-C59FFB74EA80}.Debug|Any CPU.ActiveCfg = Debug|Any CPU
		{0B22B876-F6A1-4D1C-94D0-C59FFB74EA80}.Debug|Any CPU.Build.0 = Debug|Any CPU
		{0B22B876-F6A1-4D1C-94D0-C59FFB74EA80}.Release|Any CPU.ActiveCfg = Release|Any CPU
		{0B22B876-F6A1-4D1C-94D0-C59FFB74EA80}.Release|Any CPU.Build.0 = Release|Any CPU
		{077C28B9-D166-4D0B-9123-82FFE22493D8}.Debug|Any CPU.ActiveCfg = Debug|Any CPU
		{077C28B9-D166-4D0B-9123-82FFE22493D8}.Debug|Any CPU.Build.0 = Debug|Any CPU
		{077C28B9-D166-4D0B-9123-82FFE22493D8}.Release|Any CPU.ActiveCfg = Release|Any CPU
		{077C28B9-D166-4D0B-9123-82FFE22493D8}.Release|Any CPU.Build.0 = Release|Any CPU
		{FA358BA6-5B6C-4AC0-B664-AAF10354EC73}.Debug|Any CPU.ActiveCfg = Debug|Any CPU
		{FA358BA6-5B6C-4AC0-B664-AAF10354EC73}.Debug|Any CPU.Build.0 = Debug|Any CPU
		{FA358BA6-5B6C-4AC0-B664-AAF10354EC73}.Release|Any CPU.ActiveCfg = Release|Any CPU
		{FA358BA6-5B6C-4AC0-B664-AAF10354EC73}.Release|Any CPU.Build.0 = Release|Any CPU
		{B7805EF1-B80F-4BD5-979E-B5F088481517}.Debug|Any CPU.ActiveCfg = Debug|Any CPU
		{B7805EF1-B80F-4BD5-979E-B5F088481517}.Debug|Any CPU.Build.0 = Debug|Any CPU
		{B7805EF1-B80F-4BD5-979E-B5F088481517}.Release|Any CPU.ActiveCfg = Release|Any CPU
		{B7805EF1-B80F-4BD5-979E-B5F088481517}.Release|Any CPU.Build.0 = Release|Any CPU
		{4F0EABB4-543E-4D62-B144-4AF5CD33D4EE}.Debug|Any CPU.ActiveCfg = Debug|Any CPU
		{4F0EABB4-543E-4D62-B144-4AF5CD33D4EE}.Debug|Any CPU.Build.0 = Debug|Any CPU
		{4F0EABB4-543E-4D62-B144-4AF5CD33D4EE}.Release|Any CPU.ActiveCfg = Release|Any CPU
		{4F0EABB4-543E-4D62-B144-4AF5CD33D4EE}.Release|Any CPU.Build.0 = Release|Any CPU
	EndGlobalSection
	GlobalSection(SolutionProperties) = preSolution
		HideSolutionNode = FALSE
	EndGlobalSection
	GlobalSection(ExtensibilityGlobals) = postSolution
		SolutionGuid = {8FF7901D-0C2B-4811-94A5-5C7F1481DD54}
	EndGlobalSection
EndGlobal
